
Microsoft Visual Studio Solution File, Format Version 12.00
# Visual Studio Version 17
VisualStudioVersion = 17.9.34714.143
MinimumVisualStudioVersion = 10.0.40219.1
Project("{8BC9CEB8-8B4A-11D0-8D11-00A0C91BC942}") = "CS210_Project_Three_Blanco, Julian", "CS210_Project_Three_Blanco, Julian\CS210_Project_Three_Blanco, Julian.vcxproj", "{B5144029-F335-42D3-99B4-916F3E8AB6FE}"
EndProject
Global
	GlobalSection(SolutionConfigurationPlatforms) = preSolution
		Debug|x64 = Debug|x64
		Debug|x86 = Debug|x86
		Release|x64 = Release|x64
		Release|x86 = Release|x86
	EndGlobalSection
	GlobalSection(ProjectConfigurationPlatforms) = postSolution
		{B5144029-F335-42D3-99B4-916F3E8AB6FE}.Debug|x64.ActiveCfg = Debug|x64
		{B5144029-F335-42D3-99B4-916F3E8AB6FE}.Debug|x64.Build.0 = Debug|x64
		{B5144029-F335-42D3-99B4-916F3E8AB6FE}.Debug|x86.ActiveCfg = Debug|Win32
		{B5144029-F335-42D3-99B4-916F3E8AB6FE}.Debug|x86.Build.0 = Debug|Win32
		{B5144029-F335-42D3-99B4-916F3E8AB6FE}.Release|x64.ActiveCfg = Release|x64
		{B5144029-F335-42D3-99B4-916F3E8AB6FE}.Release|x64.Build.0 = Release|x64
		{B5144029-F335-42D3-99B4-916F3E8AB6FE}.Release|x86.ActiveCfg = Release|Win32
		{B5144029-F335-42D3-99B4-916F3E8AB6FE}.Release|x86.Build.0 = Release|Win32
	EndGlobalSection
	GlobalSection(SolutionProperties) = preSolution
		HideSolutionNode = FALSE
	EndGlobalSection
	GlobalSection(ExtensibilityGlobals) = postSolution
		SolutionGuid = {014B85C4-1D49-499B-B01A-8E0AA1EC3A69}
	EndGlobalSection
EndGlobal
